
Microsoft Visual Studio Solution File, Format Version 12.00
# Visual Studio Version 17
VisualStudioVersion = 17.9.34723.18
MinimumVisualStudioVersion = 10.0.40219.1
Project("{FAE04EC0-301F-11D3-BF4B-00C04F79EFBC}") = "Samples.BlazorFluentUI-Splashscreen", "Samples.BlazorFluentUI-Splashscreen.csproj", "{CC3A7DCC-E24D-47C8-96BE-E9B1CC3D39C6}"
EndProject
Global
	GlobalSection(SolutionConfigurationPlatforms) = preSolution
		Debug|Any CPU = Debug|Any CPU
		Release|Any CPU = Release|Any CPU
	EndGlobalSection
	GlobalSection(ProjectConfigurationPlatforms) = postSolution
		{CC3A7DCC-E24D-47C8-96BE-E9B1CC3D39C6}.Debug|Any CPU.ActiveCfg = Debug|Any CPU
		{CC3A7DCC-E24D-47C8-96BE-E9B1CC3D39C6}.Debug|Any CPU.Build.0 = Debug|Any CPU
		{CC3A7DCC-E24D-47C8-96BE-E9B1CC3D39C6}.Release|Any CPU.ActiveCfg = Release|Any CPU
		{CC3A7DCC-E24D-47C8-96BE-E9B1CC3D39C6}.Release|Any CPU.Build.0 = Release|Any CPU
	EndGlobalSection
	GlobalSection(SolutionProperties) = preSolution
		HideSolutionNode = FALSE
	EndGlobalSection
	GlobalSection(ExtensibilityGlobals) = postSolution
		SolutionGuid = {502A3227-D75A-4893-888C-623F9A7256A4}
	EndGlobalSection
EndGlobal
